
Microsoft Visual Studio Solution File, Format Version 12.00
# Visual Studio Version 16
VisualStudioVersion = 16.0.31321.278
MinimumVisualStudioVersion = 10.0.40219.1
Project("{FAE04EC0-301F-11D3-BF4B-00C04F79EFBC}") = "GovermentRefund_webFrame", "GovermentRefund_webFrame\GovermentRefund_webFrame.csproj", "{2D23764F-14FC-4402-98BD-B02B4B9111EB}"
EndProject
Global
	GlobalSection(SolutionConfigurationPlatforms) = preSolution
		Debug|Any CPU = Debug|Any CPU
		Release|Any CPU = Release|Any CPU
	EndGlobalSection
	GlobalSection(ProjectConfigurationPlatforms) = postSolution
		{2D23764F-14FC-4402-98BD-B02B4B9111EB}.Debug|Any CPU.ActiveCfg = Debug|Any CPU
		{2D23764F-14FC-4402-98BD-B02B4B9111EB}.Debug|Any CPU.Build.0 = Debug|Any CPU
		{2D23764F-14FC-4402-98BD-B02B4B9111EB}.Release|Any CPU.ActiveCfg = Release|Any CPU
		{2D23764F-14FC-4402-98BD-B02B4B9111EB}.Release|Any CPU.Build.0 = Release|Any CPU
	EndGlobalSection
	GlobalSection(SolutionProperties) = preSolution
		HideSolutionNode = FALSE
	EndGlobalSection
	GlobalSection(ExtensibilityGlobals) = postSolution
		SolutionGuid = {79848721-B188-4246-9115-BF5D39D80C64}
	EndGlobalSection
EndGlobal
